
Microsoft Visual Studio Solution File, Format Version 12.00
# Visual Studio Version 16
VisualStudioVersion = 16.0.29009.5
MinimumVisualStudioVersion = 10.0.40219.1
Project("{FAE04EC0-301F-11D3-BF4B-00C04F79EFBC}") = "JoyPro", "JoyPro\JoyPro.csproj", "{69E590E2-C3F2-4802-B2BB-767B091110AB}"
EndProject
Global
	GlobalSection(SolutionConfigurationPlatforms) = preSolution
		Debug|Any CPU = Debug|Any CPU
		Debug|x64 = Debug|x64
		Release|Any CPU = Release|Any CPU
		Release|x64 = Release|x64
	EndGlobalSection
	GlobalSection(ProjectConfigurationPlatforms) = postSolution
		{69E590E2-C3F2-4802-B2BB-767B091110AB}.Debug|Any CPU.ActiveCfg = Debug|Any CPU
		{69E590E2-C3F2-4802-B2BB-767B091110AB}.Debug|Any CPU.Build.0 = Debug|Any CPU
		{69E590E2-C3F2-4802-B2BB-767B091110AB}.Debug|x64.ActiveCfg = Debug|x64
		{69E590E2-C3F2-4802-B2BB-767B091110AB}.Debug|x64.Build.0 = Debug|x64
		{69E590E2-C3F2-4802-B2BB-767B091110AB}.Release|Any CPU.ActiveCfg = Release|Any CPU
		{69E590E2-C3F2-4802-B2BB-767B091110AB}.Release|Any CPU.Build.0 = Release|Any CPU
		{69E590E2-C3F2-4802-B2BB-767B091110AB}.Release|x64.ActiveCfg = Release|x64
		{69E590E2-C3F2-4802-B2BB-767B091110AB}.Release|x64.Build.0 = Release|x64
	EndGlobalSection
	GlobalSection(SolutionProperties) = preSolution
		HideSolutionNode = FALSE
	EndGlobalSection
	GlobalSection(ExtensibilityGlobals) = postSolution
		SolutionGuid = {11678B76-C5A9-49AC-BDEF-9BD6EEC4C02A}
	EndGlobalSection
EndGlobal
