
Microsoft Visual Studio Solution File, Format Version 12.00
# Visual Studio Version 16
VisualStudioVersion = 16.0.29009.5
MinimumVisualStudioVersion = 10.0.40219.1
Project("{FAE04EC0-301F-11D3-BF4B-00C04F79EFBC}") = "UnzipMeHereWin", "UnzipMeHereWin\UnzipMeHereWin.csproj", "{36E6E31A-07CD-42A7-944F-6BDC5D3346A0}"
EndProject
Global
	GlobalSection(SolutionConfigurationPlatforms) = preSolution
		Debug|Any CPU = Debug|Any CPU
		Release|Any CPU = Release|Any CPU
	EndGlobalSection
	GlobalSection(ProjectConfigurationPlatforms) = postSolution
		{36E6E31A-07CD-42A7-944F-6BDC5D3346A0}.Debug|Any CPU.ActiveCfg = Debug|Any CPU
		{36E6E31A-07CD-42A7-944F-6BDC5D3346A0}.Debug|Any CPU.Build.0 = Debug|Any CPU
		{36E6E31A-07CD-42A7-944F-6BDC5D3346A0}.Release|Any CPU.ActiveCfg = Release|Any CPU
		{36E6E31A-07CD-42A7-944F-6BDC5D3346A0}.Release|Any CPU.Build.0 = Release|Any CPU
	EndGlobalSection
	GlobalSection(SolutionProperties) = preSolution
		HideSolutionNode = FALSE
	EndGlobalSection
	GlobalSection(ExtensibilityGlobals) = postSolution
		SolutionGuid = {2F556897-0D61-45A6-B867-60C50F977EB1}
	EndGlobalSection
EndGlobal
